// !$*UTF8*$!
{
	archiveVersion = 1;
	classes = {
	};
	objectVersion = 50;
	objects = {

/* Begin PBXBuildFile section */
		11D863C475797D658804671D /* Pods_BaggageTracking.framework in Frameworks */ = {isa = PBXBuildFile; fileRef = 040D1F14332BCE77BBAD260B /* Pods_BaggageTracking.framework */; };
		6386EE9E23DCE9D10089B8AC /* AppDelegate.swift in Sources */ = {isa = PBXBuildFile; fileRef = 6386EE9D23DCE9D10089B8AC /* AppDelegate.swift */; };
		6386EEA023DCE9D10089B8AC /* SceneDelegate.swift in Sources */ = {isa = PBXBuildFile; fileRef = 6386EE9F23DCE9D10089B8AC /* SceneDelegate.swift */; };
		6386EEA223DCE9D10089B8AC /* ViewController.swift in Sources */ = {isa = PBXBuildFile; fileRef = 6386EEA123DCE9D10089B8AC /* ViewController.swift */; };
		6386EEA523DCE9D10089B8AC /* Main.storyboard in Resources */ = {isa = PBXBuildFile; fileRef = 6386EEA323DCE9D10089B8AC /* Main.storyboard */; };
		6386EEA723DCE9D30089B8AC /* Assets.xcassets in Resources */ = {isa = PBXBuildFile; fileRef = 6386EEA623DCE9D30089B8AC /* Assets.xcassets */; };
		6386EEAA23DCE9D30089B8AC /* LaunchScreen.storyboard in Resources */ = {isa = PBXBuildFile; fileRef = 6386EEA823DCE9D30089B8AC /* LaunchScreen.storyboard */; };
/* End PBXBuildFile section */

/* Begin PBXFileReference section */
		040D1F14332BCE77BBAD260B /* Pods_BaggageTracking.framework */ = {isa = PBXFileReference; explicitFileType = wrapper.framework; includeInIndex = 0; path = Pods_BaggageTracking.framework; sourceTree = BUILT_PRODUCTS_DIR; };
		6386EE9A23DCE9D10089B8AC /* BaggageTracking.app */ = {isa = PBXFileReference; explicitFileType = wrapper.application; includeInIndex = 0; path = BaggageTracking.app; sourceTree = BUILT_PRODUCTS_DIR; };
		6386EE9D23DCE9D10089B8AC /* AppDelegate.swift */ = {isa = PBXFileReference; lastKnownFileType = sourcecode.swift; path = AppDelegate.swift; sourceTree = "<group>"; };
		6386EE9F23DCE9D10089B8AC /* SceneDelegate.swift */ = {isa = PBXFileReference; lastKnownFileType = sourcecode.swift; path = SceneDelegate.swift; sourceTree = "<group>"; };
		6386EEA123DCE9D10089B8AC /* ViewController.swift */ = {isa = PBXFileReference; lastKnownFileType = sourcecode.swift; path = ViewController.swift; sourceTree = "<group>"; };
		6386EEA423DCE9D10089B8AC /* Base */ = {isa = PBXFileReference; lastKnownFileType = file.storyboard; name = Base; path = Base.lproj/Main.storyboard; sourceTree = "<group>"; };
		6386EEA623DCE9D30089B8AC /* Assets.xcassets */ = {isa = PBXFileReference; lastKnownFileType = folder.assetcatalog; path = Assets.xcassets; sourceTree = "<group>"; };
		6386EEA923DCE9D30089B8AC /* Base */ = {isa = PBXFileReference; lastKnownFileType = file.storyboard; name = Base; path = Base.lproj/LaunchScreen.storyboard; sourceTree = "<group>"; };
		6386EEAB23DCE9D30089B8AC /* Info.plist */ = {isa = PBXFileReference; lastKnownFileType = text.plist.xml; path = Info.plist; sourceTree = "<group>"; };
		6386EEB123DCEE0C0089B8AC /* BaggageTracking.entitlements */ = {isa = PBXFileReference; lastKnownFileType = text.plist.entitlements; path = BaggageTracking.entitlements; sourceTree = "<group>"; };
		74919F28DAB8CD6765CC2DB7 /* Pods-BaggageTracking.debug.xcconfig */ = {isa = PBXFileReference; includeInIndex = 1; lastKnownFileType = text.xcconfig; name = "Pods-BaggageTracking.debug.xcconfig"; path = "Target Support Files/Pods-BaggageTracking/Pods-BaggageTracking.debug.xcconfig"; sourceTree = "<group>"; };
		BAFE94143978BA83705AB35D /* Pods-BaggageTracking.release.xcconfig */ = {isa = PBXFileReference; includeInIndex = 1; lastKnownFileType = text.xcconfig; name = "Pods-BaggageTracking.release.xcconfig"; path = "Target Support Files/Pods-BaggageTracking/Pods-BaggageTracking.release.xcconfig"; sourceTree = "<group>"; };
/* End PBXFileReference section */

/* Begin PBXFrameworksBuildPhase section */
		6386EE9723DCE9D10089B8AC /* Frameworks */ = {
			isa = PBXFrameworksBuildPhase;
			buildActionMask = 2147483647;
			files = (
				11D863C475797D658804671D /* Pods_BaggageTracking.framework in Frameworks */,
			);
			runOnlyForDeploymentPostprocessing = 0;
		};
/* End PBXFrameworksBuildPhase section */

/* Begin PBXGroup section */
		225C75CABCFEACD33F6DE203 /* Frameworks */ = {
			isa = PBXGroup;
			children = (
				040D1F14332BCE77BBAD260B /* Pods_BaggageTracking.framework */,
			);
			name = Frameworks;
			sourceTree = "<group>";
		};
		25B8E5C2AAB31A29A8C00A1C /* Pods */ = {
			isa = PBXGroup;
			children = (
				74919F28DAB8CD6765CC2DB7 /* Pods-BaggageTracking.debug.xcconfig */,
				BAFE94143978BA83705AB35D /* Pods-BaggageTracking.release.xcconfig */,
			);
			name = Pods;
			path = Pods;
			sourceTree = "<group>";
		};
		6386EE9123DCE9D10089B8AC = {
			isa = PBXGroup;
			children = (
				6386EE9C23DCE9D10089B8AC /* BaggageTracking */,
				6386EE9B23DCE9D10089B8AC /* Products */,
				25B8E5C2AAB31A29A8C00A1C /* Pods */,
				225C75CABCFEACD33F6DE203 /* Frameworks */,
			);
			sourceTree = "<group>";
		};
		6386EE9B23DCE9D10089B8AC /* Products */ = {
			isa = PBXGroup;
			children = (
				6386EE9A23DCE9D10089B8AC /* BaggageTracking.app */,
			);
			name = Products;
			sourceTree = "<group>";
		};
		6386EE9C23DCE9D10089B8AC /* BaggageTracking */ = {
			isa = PBXGroup;
			children = (
				6386EEB123DCEE0C0089B8AC /* BaggageTracking.entitlements */,
				6386EE9D23DCE9D10089B8AC /* AppDelegate.swift */,
				6386EE9F23DCE9D10089B8AC /* SceneDelegate.swift */,
				6386EEA123DCE9D10089B8AC /* ViewController.swift */,
				6386EEA323DCE9D10089B8AC /* Main.storyboard */,
				6386EEA623DCE9D30089B8AC /* Assets.xcassets */,
				6386EEA823DCE9D30089B8AC /* LaunchScreen.storyboard */,
				6386EEAB23DCE9D30089B8AC /* Info.plist */,
			);
			path = BaggageTracking;
			sourceTree = "<group>";
		};
/* End PBXGroup section */

/* Begin PBXNativeTarget section */
		6386EE9923DCE9D10089B8AC /* BaggageTracking */ = {
			isa = PBXNativeTarget;
			buildConfigurationList = 6386EEAE23DCE9D30089B8AC /* Build configuration list for PBXNativeTarget "BaggageTracking" */;
			buildPhases = (
				6288100D7246BAA477B44F8A /* [CP] Check Pods Manifest.lock */,
				6386EE9623DCE9D10089B8AC /* Sources */,
				6386EE9723DCE9D10089B8AC /* Frameworks */,
				6386EE9823DCE9D10089B8AC /* Resources */,
				08AC3C68B3D4353EBEFA2ED7 /* [CP] Embed Pods Frameworks */,
			);
			buildRules = (
			);
			dependencies = (
			);
			name = BaggageTracking;
			productName = BaggageTracking;
			productReference = 6386EE9A23DCE9D10089B8AC /* BaggageTracking.app */;
			productType = "com.apple.product-type.application";
		};
/* End PBXNativeTarget section */

/* Begin PBXProject section */
		6386EE9223DCE9D10089B8AC /* Project object */ = {
			isa = PBXProject;
			attributes = {
				LastSwiftUpdateCheck = 1130;
				LastUpgradeCheck = 1130;
				ORGANIZATIONNAME = "David Bauducco";
				TargetAttributes = {
					6386EE9923DCE9D10089B8AC = {
						CreatedOnToolsVersion = 11.3.1;
					};
				};
			};
			buildConfigurationList = 6386EE9523DCE9D10089B8AC /* Build configuration list for PBXProject "BaggageTracking" */;
			compatibilityVersion = "Xcode 9.3";
			developmentRegion = en;
			hasScannedForEncodings = 0;
			knownRegions = (
				en,
				Base,
			);
			mainGroup = 6386EE9123DCE9D10089B8AC;
			productRefGroup = 6386EE9B23DCE9D10089B8AC /* Products */;
			projectDirPath = "";
			projectRoot = "";
			targets = (
				6386EE9923DCE9D10089B8AC /* BaggageTracking */,
			);
		};
/* End PBXProject section */

/* Begin PBXResourcesBuildPhase section */
		6386EE9823DCE9D10089B8AC /* Resources */ = {
			isa = PBXResourcesBuildPhase;
			buildActionMask = 2147483647;
			files = (
				6386EEAA23DCE9D30089B8AC /* LaunchScreen.storyboard in Resources */,
				6386EEA723DCE9D30089B8AC /* Assets.xcassets in Resources */,
				6386EEA523DCE9D10089B8AC /* Main.storyboard in Resources */,
			);
			runOnlyForDeploymentPostprocessing = 0;
		};
/* End PBXResourcesBuildPhase section */

/* Begin PBXShellScriptBuildPhase section */
		08AC3C68B3D4353EBEFA2ED7 /* [CP] Embed Pods Frameworks */ = {
			isa = PBXShellScriptBuildPhase;
			buildActionMask = 2147483647;
			files = (
			);
			inputFileListPaths = (
				"${PODS_ROOT}/Target Support Files/Pods-BaggageTracking/Pods-BaggageTracking-frameworks-${CONFIGURATION}-input-files.xcfilelist",
			);
			name = "[CP] Embed Pods Frameworks";
			outputFileListPaths = (
				"${PODS_ROOT}/Target Support Files/Pods-BaggageTracking/Pods-BaggageTracking-frameworks-${CONFIGURATION}-output-files.xcfilelist",
			);
			runOnlyForDeploymentPostprocessing = 0;
			shellPath = /bin/sh;
			shellScript = "\"${PODS_ROOT}/Target Support Files/Pods-BaggageTracking/Pods-BaggageTracking-frameworks.sh\"\n";
			showEnvVarsInLog = 0;
		};
		6288100D7246BAA477B44F8A /* [CP] Check Pods Manifest.lock */ = {
			isa = PBXShellScriptBuildPhase;
			buildActionMask = 2147483647;
			files = (
			);
			inputFileListPaths = (
			);
			inputPaths = (
				"${PODS_PODFILE_DIR_PATH}/Podfile.lock",
				"${PODS_ROOT}/Manifest.lock",
			);
			name = "[CP] Check Pods Manifest.lock";
			outputFileListPaths = (
			);
			outputPaths = (
				"$(DERIVED_FILE_DIR)/Pods-BaggageTracking-checkManifestLockResult.txt",
			);
			runOnlyForDeploymentPostprocessing = 0;
			shellPath = /bin/sh;
			shellScript = "diff \"${PODS_PODFILE_DIR_PATH}/Podfile.lock\" \"${PODS_ROOT}/Manifest.lock\" > /dev/null\nif [ $? != 0 ] ; then\n    # print error to STDERR\n    echo \"error: The sandbox is not in sync with the Podfile.lock. Run 'pod install' or update your CocoaPods installation.\" >&2\n    exit 1\nfi\n# This output is used by Xcode 'outputs' to avoid re-running this script phase.\necho \"SUCCESS\" > \"${SCRIPT_OUTPUT_FILE_0}\"\n";
			showEnvVarsInLog = 0;
		};
/* End PBXShellScriptBuildPhase section */

/* Begin PBXSourcesBuildPhase section */
		6386EE9623DCE9D10089B8AC /* Sources */ = {
			isa = PBXSourcesBuildPhase;
			buildActionMask = 2147483647;
			files = (
				6386EEA223DCE9D10089B8AC /* ViewController.swift in Sources */,
				6386EE9E23DCE9D10089B8AC /* AppDelegate.swift in Sources */,
				6386EEA023DCE9D10089B8AC /* SceneDelegate.swift in Sources */,
			);
			runOnlyForDeploymentPostprocessing = 0;
		};
/* End PBXSourcesBuildPhase section */

/* Begin PBXVariantGroup section */
		6386EEA323DCE9D10089B8AC /* Main.storyboard */ = {
			isa = PBXVariantGroup;
			children = (
				6386EEA423DCE9D10089B8AC /* Base */,
			);
			name = Main.storyboard;
			sourceTree = "<group>";
		};
		6386EEA823DCE9D30089B8AC /* LaunchScreen.storyboard */ = {
			isa = PBXVariantGroup;
			children = (
				6386EEA923DCE9D30089B8AC /* Base */,
			);
			name = LaunchScreen.storyboard;
			sourceTree = "<group>";
		};
/* End PBXVariantGroup section */

/* Begin XCBuildConfiguration section */
		6386EEAC23DCE9D30089B8AC /* Debug */ = {
			isa = XCBuildConfiguration;
			buildSettings = {
				ALWAYS_SEARCH_USER_PATHS = NO;
				CLANG_ANALYZER_NONNULL = YES;
				CLANG_ANALYZER_NUMBER_OBJECT_CONVERSION = YES_AGGRESSIVE;
				CLANG_CXX_LANGUAGE_STANDARD = "gnu++14";
				CLANG_CXX_LIBRARY = "libc++";
				CLANG_ENABLE_MODULES = YES;
				CLANG_ENABLE_OBJC_ARC = YES;
				CLANG_ENABLE_OBJC_WEAK = YES;
				CLANG_WARN_BLOCK_CAPTURE_AUTORELEASING = YES;
				CLANG_WARN_BOOL_CONVERSION = YES;
				CLANG_WARN_COMMA = YES;
				CLANG_WARN_CONSTANT_CONVERSION = YES;
				CLANG_WARN_DEPRECATED_OBJC_IMPLEMENTATIONS = YES;
				CLANG_WARN_DIRECT_OBJC_ISA_USAGE = YES_ERROR;
				CLANG_WARN_DOCUMENTATION_COMMENTS = YES;
				CLANG_WARN_EMPTY_BODY = YES;
				CLANG_WARN_ENUM_CONVERSION = YES;
				CLANG_WARN_INFINITE_RECURSION = YES;
				CLANG_WARN_INT_CONVERSION = YES;
				CLANG_WARN_NON_LITERAL_NULL_CONVERSION = YES;
				CLANG_WARN_OBJC_IMPLICIT_RETAIN_SELF = YES;
				CLANG_WARN_OBJC_LITERAL_CONVERSION = YES;
				CLANG_WARN_OBJC_ROOT_CLASS = YES_ERROR;
				CLANG_WARN_RANGE_LOOP_ANALYSIS = YES;
				CLANG_WARN_STRICT_PROTOTYPES = YES;
				CLANG_WARN_SUSPICIOUS_MOVE = YES;
				CLANG_WARN_UNGUARDED_AVAILABILITY = YES_AGGRESSIVE;
				CLANG_WARN_UNREACHABLE_CODE = YES;
				CLANG_WARN__DUPLICATE_METHOD_MATCH = YES;
				COPY_PHASE_STRIP = NO;
				DEBUG_INFORMATION_FORMAT = dwarf;
				ENABLE_STRICT_OBJC_MSGSEND = YES;
				ENABLE_TESTABILITY = YES;
				GCC_C_LANGUAGE_STANDARD = gnu11;
				GCC_DYNAMIC_NO_PIC = NO;
				GCC_NO_COMMON_BLOCKS = YES;
				GCC_OPTIMIZATION_LEVEL = 0;
				GCC_PREPROCESSOR_DEFINITIONS = (
					"DEBUG=1",
					"$(inherited)",
				);
				GCC_WARN_64_TO_32_BIT_CONVERSION = YES;
				GCC_WARN_ABOUT_RETURN_TYPE = YES_ERROR;
				GCC_WARN_UNDECLARED_SELECTOR = YES;
				GCC_WARN_UNINITIALIZED_AUTOS = YES_AGGRESSIVE;
				GCC_WARN_UNUSED_FUNCTION = YES;
				GCC_WARN_UNUSED_VARIABLE = YES;
				IPHONEOS_DEPLOYMENT_TARGET = 13.2;
				MTL_ENABLE_DEBUG_INFO = INCLUDE_SOURCE;
				MTL_FAST_MATH = YES;
				ONLY_ACTIVE_ARCH = YES;
				SDKROOT = iphoneos;
				SWIFT_ACTIVE_COMPILATION_CONDITIONS = DEBUG;
				SWIFT_OPTIMIZATION_LEVEL = "-Onone";
			};
			name = Debug;
		};
		6386EEAD23DCE9D30089B8AC /* Release */ = {
			isa = XCBuildConfiguration;
			buildSettings = {
				ALWAYS_SEARCH_USER_PATHS = NO;
				CLANG_ANALYZER_NONNULL = YES;
				CLANG_ANALYZER_NUMBER_OBJECT_CONVERSION = YES_AGGRESSIVE;
				CLANG_CXX_LANGUAGE_STANDARD = "gnu++14";
				CLANG_CXX_LIBRARY = "libc++";
				CLANG_ENABLE_MODULES = YES;
				CLANG_ENABLE_OBJC_ARC = YES;
				CLANG_ENABLE_OBJC_WEAK = YES;
				CLANG_WARN_BLOCK_CAPTURE_AUTORELEASING = YES;
				CLANG_WARN_BOOL_CONVERSION = YES;
				CLANG_WARN_COMMA = YES;
				CLANG_WARN_CONSTANT_CONVERSION = YES;
				CLANG_WARN_DEPRECATED_OBJC_IMPLEMENTATIONS = YES;
				CLANG_WARN_DIRECT_OBJC_ISA_USAGE = YES_ERROR;
				CLANG_WARN_DOCUMENTATION_COMMENTS = YES;
				CLANG_WARN_EMPTY_BODY = YES;
				CLANG_WARN_ENUM_CONVERSION = YES;
				CLANG_WARN_INFINITE_RECURSION = YES;
				CLANG_WARN_INT_CONVERSION = YES;
				CLANG_WARN_NON_LITERAL_NULL_CONVERSION = YES;
				CLANG_WARN_OBJC_IMPLICIT_RETAIN_SELF = YES;
				CLANG_WARN_OBJC_LITERAL_CONVERSION = YES;
				CLANG_WARN_OBJC_ROOT_CLASS = YES_ERROR;
				CLANG_WARN_RANGE_LOOP_ANALYSIS = YES;
				CLANG_WARN_STRICT_PROTOTYPES = YES;
				CLANG_WARN_SUSPICIOUS_MOVE = YES;
				CLANG_WARN_UNGUARDED_AVAILABILITY = YES_AGGRESSIVE;
				CLANG_WARN_UNREACHABLE_CODE = YES;
				CLANG_WARN__DUPLICATE_METHOD_MATCH = YES;
				COPY_PHASE_STRIP = NO;
				DEBUG_INFORMATION_FORMAT = "dwarf-with-dsym";
				ENABLE_NS_ASSERTIONS = NO;
				ENABLE_STRICT_OBJC_MSGSEND = YES;
				GCC_C_LANGUAGE_STANDARD = gnu11;
				GCC_NO_COMMON_BLOCKS = YES;
				GCC_WARN_64_TO_32_BIT_CONVERSION = YES;
				GCC_WARN_ABOUT_RETURN_TYPE = YES_ERROR;
				GCC_WARN_UNDECLARED_SELECTOR = YES;
				GCC_WARN_UNINITIALIZED_AUTOS = YES_AGGRESSIVE;
				GCC_WARN_UNUSED_FUNCTION = YES;
				GCC_WARN_UNUSED_VARIABLE = YES;
				IPHONEOS_DEPLOYMENT_TARGET = 13.2;
				MTL_ENABLE_DEBUG_INFO = NO;
				MTL_FAST_MATH = YES;
				SDKROOT = iphoneos;
				SWIFT_COMPILATION_MODE = wholemodule;
				SWIFT_OPTIMIZATION_LEVEL = "-O";
				VALIDATE_PRODUCT = YES;
			};
			name = Release;
		};
		6386EEAF23DCE9D30089B8AC /* Debug */ = {
			isa = XCBuildConfiguration;
			baseConfigurationReference = 74919F28DAB8CD6765CC2DB7 /* Pods-BaggageTracking.debug.xcconfig */;
			buildSettings = {
				ASSETCATALOG_COMPILER_APPICON_NAME = AppIcon;
				CODE_SIGN_ENTITLEMENTS = BaggageTracking/BaggageTracking.entitlements;
				CODE_SIGN_STYLE = Automatic;
				DEVELOPMENT_TEAM = UJZ9PXW3DE;
				INFOPLIST_FILE = BaggageTracking/Info.plist;
				LD_RUNPATH_SEARCH_PATHS = (
					"$(inherited)",
					"@executable_path/Frameworks",
				);
				PRODUCT_BUNDLE_IDENTIFIER = com.davidbauducco.BaggageTracking;
				PRODUCT_NAME = "$(TARGET_NAME)";
				SWIFT_VERSION = 5.0;
				TARGETED_DEVICE_FAMILY = "1,2";
			};
			name = Debug;
		};
		6386EEB023DCE9D30089B8AC /* Release */ = {
			isa = XCBuildConfiguration;
			baseConfigurationReference = BAFE94143978BA83705AB35D /* Pods-BaggageTracking.release.xcconfig */;
			buildSettings = {
				ASSETCATALOG_COMPILER_APPICON_NAME = AppIcon;
				CODE_SIGN_ENTITLEMENTS = BaggageTracking/BaggageTracking.entitlements;
				CODE_SIGN_STYLE = Automatic;
				DEVELOPMENT_TEAM = UJZ9PXW3DE;
				INFOPLIST_FILE = BaggageTracking/Info.plist;
				LD_RUNPATH_SEARCH_PATHS = (
					"$(inherited)",
					"@executable_path/Frameworks",
				);
				PRODUCT_BUNDLE_IDENTIFIER = com.davidbauducco.BaggageTracking;
				PRODUCT_NAME = "$(TARGET_NAME)";
				SWIFT_VERSION = 5.0;
				TARGETED_DEVICE_FAMILY = "1,2";
			};
			name = Release;
		};
/* End XCBuildConfiguration section */

/* Begin XCConfigurationList section */
		6386EE9523DCE9D10089B8AC /* Build configuration list for PBXProject "BaggageTracking" */ = {
			isa = XCConfigurationList;
			buildConfigurations = (
				6386EEAC23DCE9D30089B8AC /* Debug */,
				6386EEAD23DCE9D30089B8AC /* Release */,
			);
			defaultConfigurationIsVisible = 0;
			defaultConfigurationName = Release;
		};
		6386EEAE23DCE9D30089B8AC /* Build configuration list for PBXNativeTarget "BaggageTracking" */ = {
			isa = XCConfigurationList;
			buildConfigurations = (
				6386EEAF23DCE9D30089B8AC /* Debug */,
				6386EEB023DCE9D30089B8AC /* Release */,
			);
			defaultConfigurationIsVisible = 0;
			defaultConfigurationName = Release;
		};
/* End XCConfigurationList section */
	};
	rootObject = 6386EE9223DCE9D10089B8AC /* Project object */;
}
